
Microsoft Visual Studio Solution File, Format Version 11.00
# Visual Studio 2010
Project("{FAE04EC0-301F-11D3-BF4B-00C04F79EFBC}") = "Assembly-CSharp", "Assembly-CSharp.csproj", "{c104526d-99a5-8383-b371-6a6d7c51bf98}"
EndProject
Project("{FAE04EC0-301F-11D3-BF4B-00C04F79EFBC}") = "EditorMigrationScripts", "EditorMigrationScripts.csproj", "{48ee7b75-4794-dfb0-bda9-52b9184acc45}"
EndProject
Global
	GlobalSection(SolutionConfigurationPlatforms) = preSolution
		Debug|Any CPU = Debug|Any CPU
	EndGlobalSection
	GlobalSection(ProjectConfigurationPlatforms) = postSolution
		{c104526d-99a5-8383-b371-6a6d7c51bf98}.Debug|Any CPU.ActiveCfg = Debug|Any CPU
		{c104526d-99a5-8383-b371-6a6d7c51bf98}.Debug|Any CPU.Build.0 = Debug|Any CPU
		{48ee7b75-4794-dfb0-bda9-52b9184acc45}.Debug|Any CPU.ActiveCfg = Debug|Any CPU
		{48ee7b75-4794-dfb0-bda9-52b9184acc45}.Debug|Any CPU.Build.0 = Debug|Any CPU
	EndGlobalSection
	GlobalSection(SolutionProperties) = preSolution
		HideSolutionNode = FALSE
	EndGlobalSection
EndGlobal
